
Microsoft Visual Studio Solution File, Format Version 12.00
# Visual Studio Version 16
VisualStudioVersion = 16.0.30907.101
MinimumVisualStudioVersion = 10.0.40219.1
Project("{FAE04EC0-301F-11D3-BF4B-00C04F79EFBC}") = "EFProjektas", "EFProjektas\EFProjektas.csproj", "{AE1E247E-B47F-467A-A836-844C0793F249}"
EndProject
Project("{FAE04EC0-301F-11D3-BF4B-00C04F79EFBC}") = "EFProjektasNet", "EFProjektasNet\EFProjektasNet.csproj", "{B9CDE6E2-0111-4A0A-88CB-76CA2EA8422C}"
EndProject
Global
	GlobalSection(SolutionConfigurationPlatforms) = preSolution
		Debug|Any CPU = Debug|Any CPU
		Release|Any CPU = Release|Any CPU
	EndGlobalSection
	GlobalSection(ProjectConfigurationPlatforms) = postSolution
		{AE1E247E-B47F-467A-A836-844C0793F249}.Debug|Any CPU.ActiveCfg = Debug|Any CPU
		{AE1E247E-B47F-467A-A836-844C0793F249}.Debug|Any CPU.Build.0 = Debug|Any CPU
		{AE1E247E-B47F-467A-A836-844C0793F249}.Release|Any CPU.ActiveCfg = Release|Any CPU
		{AE1E247E-B47F-467A-A836-844C0793F249}.Release|Any CPU.Build.0 = Release|Any CPU
		{B9CDE6E2-0111-4A0A-88CB-76CA2EA8422C}.Debug|Any CPU.ActiveCfg = Debug|Any CPU
		{B9CDE6E2-0111-4A0A-88CB-76CA2EA8422C}.Debug|Any CPU.Build.0 = Debug|Any CPU
		{B9CDE6E2-0111-4A0A-88CB-76CA2EA8422C}.Release|Any CPU.ActiveCfg = Release|Any CPU
		{B9CDE6E2-0111-4A0A-88CB-76CA2EA8422C}.Release|Any CPU.Build.0 = Release|Any CPU
	EndGlobalSection
	GlobalSection(SolutionProperties) = preSolution
		HideSolutionNode = FALSE
	EndGlobalSection
	GlobalSection(ExtensibilityGlobals) = postSolution
		SolutionGuid = {844F0CDC-5990-43AB-9C7C-8FEA80408866}
	EndGlobalSection
EndGlobal
